
Microsoft Visual Studio Solution File, Format Version 12.00
# Visual Studio 15
VisualStudioVersion = 15.0.28307.421
MinimumVisualStudioVersion = 10.0.40219.1
Project("{FAE04EC0-301F-11D3-BF4B-00C04F79EFBC}") = "CursoTDD.Test", "CursoTDD.Test\CursoTDD.Test.csproj", "{6920BA1F-554B-4A87-A0D1-565A2805BABF}"
EndProject
Project("{FAE04EC0-301F-11D3-BF4B-00C04F79EFBC}") = "CursoTDD.Domain", "CursoTDD.Domain\CursoTDD.Domain.csproj", "{1F47CAC5-D7A8-40CE-83BF-D4F1CB5EA376}"
EndProject
Global
	GlobalSection(SolutionConfigurationPlatforms) = preSolution
		Debug|Any CPU = Debug|Any CPU
		Release|Any CPU = Release|Any CPU
	EndGlobalSection
	GlobalSection(ProjectConfigurationPlatforms) = postSolution
		{6920BA1F-554B-4A87-A0D1-565A2805BABF}.Debug|Any CPU.ActiveCfg = Debug|Any CPU
		{6920BA1F-554B-4A87-A0D1-565A2805BABF}.Debug|Any CPU.Build.0 = Debug|Any CPU
		{6920BA1F-554B-4A87-A0D1-565A2805BABF}.Release|Any CPU.ActiveCfg = Release|Any CPU
		{6920BA1F-554B-4A87-A0D1-565A2805BABF}.Release|Any CPU.Build.0 = Release|Any CPU
		{1F47CAC5-D7A8-40CE-83BF-D4F1CB5EA376}.Debug|Any CPU.ActiveCfg = Debug|Any CPU
		{1F47CAC5-D7A8-40CE-83BF-D4F1CB5EA376}.Debug|Any CPU.Build.0 = Debug|Any CPU
		{1F47CAC5-D7A8-40CE-83BF-D4F1CB5EA376}.Release|Any CPU.ActiveCfg = Release|Any CPU
		{1F47CAC5-D7A8-40CE-83BF-D4F1CB5EA376}.Release|Any CPU.Build.0 = Release|Any CPU
	EndGlobalSection
	GlobalSection(SolutionProperties) = preSolution
		HideSolutionNode = FALSE
	EndGlobalSection
	GlobalSection(ExtensibilityGlobals) = postSolution
		SolutionGuid = {9A32B883-0BB7-43C4-9C39-5C35EE8EA917}
	EndGlobalSection
EndGlobal
